// !$*UTF8*$!
{
	archiveVersion = 1;
	classes = {
	};
	objectVersion = 77;
	objects = {

/* Begin PBXBuildFile section */
		1403619ED9F1AD5ED35A02AA /* TelnetCodec.swift in Sources */ = {isa = PBXBuildFile; fileRef = 88C948FEA92FF475EEB669FB /* TelnetCodec.swift */; };
		23CDAF4DAA12367B7441D329 /* TerminalTransport.swift in Sources */ = {isa = PBXBuildFile; fileRef = A9277232BBCB3100078B0AC7 /* TerminalTransport.swift */; };
		45E07BA3598E4887DA5195F1 /* SimulatedShell.swift in Sources */ = {isa = PBXBuildFile; fileRef = 2B4D25B7846BB9AF84E39BAD /* SimulatedShell.swift */; };
		7B1742FB80CB6C1F726E75DC /* HarnessScenes.swift in Sources */ = {isa = PBXBuildFile; fileRef = 6FF53642A1E0F831E9AE146D /* HarnessScenes.swift */; };
		8171170927DD9CD61EC4CF71 /* HarnessViewController.swift in Sources */ = {isa = PBXBuildFile; fileRef = 14E1F14E3A7FCDCDBBF4A571 /* HarnessViewController.swift */; };
		81C13E3074C220ED08817197 /* LoopbackTransport.swift in Sources */ = {isa = PBXBuildFile; fileRef = 729D2B09C89429F455A2077A /* LoopbackTransport.swift */; };
		82451DADEAE0118EE7DE7125 /* AppDelegate.swift in Sources */ = {isa = PBXBuildFile; fileRef = 82B4EB37D75DE19F13A95ABA /* AppDelegate.swift */; };
		8746601A511AA4DA054C0051 /* SwiftTerm in Frameworks */ = {isa = PBXBuildFile; productRef = FB9E67BD0C7D5D58B83052AB /* SwiftTerm */; };
		BB54E855C9A3DE2C0B0C8FD6 /* NetworkTransport.swift in Sources */ = {isa = PBXBuildFile; fileRef = 90764FB0CBE1E2D3F37F32C9 /* NetworkTransport.swift */; };
/* End PBXBuildFile section */

/* Begin PBXFileReference section */
		14E1F14E3A7FCDCDBBF4A571 /* HarnessViewController.swift */ = {isa = PBXFileReference; lastKnownFileType = sourcecode.swift; path = HarnessViewController.swift; sourceTree = "<group>"; };
		1649B70B66918DBCF0AC7970 /* SwiftTerm */ = {isa = PBXFileReference; lastKnownFileType = folder; name = SwiftTerm; path = ../..; sourceTree = SOURCE_ROOT; };
		2B4D25B7846BB9AF84E39BAD /* SimulatedShell.swift */ = {isa = PBXFileReference; lastKnownFileType = sourcecode.swift; path = SimulatedShell.swift; sourceTree = "<group>"; };
		6FF53642A1E0F831E9AE146D /* HarnessScenes.swift */ = {isa = PBXFileReference; lastKnownFileType = sourcecode.swift; path = HarnessScenes.swift; sourceTree = "<group>"; };
		729D2B09C89429F455A2077A /* LoopbackTransport.swift */ = {isa = PBXFileReference; lastKnownFileType = sourcecode.swift; path = LoopbackTransport.swift; sourceTree = "<group>"; };
		80E273B1BF721134F291EDFA /* VTGiPadHarness.app */ = {isa = PBXFileReference; includeInIndex = 0; lastKnownFileType = wrapper.application; path = VTGiPadHarness.app; sourceTree = BUILT_PRODUCTS_DIR; };
		82B4EB37D75DE19F13A95ABA /* AppDelegate.swift */ = {isa = PBXFileReference; lastKnownFileType = sourcecode.swift; path = AppDelegate.swift; sourceTree = "<group>"; };
		88C948FEA92FF475EEB669FB /* TelnetCodec.swift */ = {isa = PBXFileReference; lastKnownFileType = sourcecode.swift; path = TelnetCodec.swift; sourceTree = "<group>"; };
		90764FB0CBE1E2D3F37F32C9 /* NetworkTransport.swift */ = {isa = PBXFileReference; lastKnownFileType = sourcecode.swift; path = NetworkTransport.swift; sourceTree = "<group>"; };
		A9277232BBCB3100078B0AC7 /* TerminalTransport.swift */ = {isa = PBXFileReference; lastKnownFileType = sourcecode.swift; path = TerminalTransport.swift; sourceTree = "<group>"; };
/* End PBXFileReference section */

/* Begin PBXFrameworksBuildPhase section */
		702CB524235844401D1B89C0 /* Frameworks */ = {
			isa = PBXFrameworksBuildPhase;
			buildActionMask = 2147483647;
			files = (
				8746601A511AA4DA054C0051 /* SwiftTerm in Frameworks */,
			);
			runOnlyForDeploymentPostprocessing = 0;
		};
/* End PBXFrameworksBuildPhase section */

/* Begin PBXGroup section */
		47A03F755EF9B16233CAFF86 /* Packages */ = {
			isa = PBXGroup;
			children = (
				1649B70B66918DBCF0AC7970 /* SwiftTerm */,
			);
			name = Packages;
			sourceTree = "<group>";
		};
		5E4AC9697CBD916EDDFB74C3 /* Sources */ = {
			isa = PBXGroup;
			children = (
				82B4EB37D75DE19F13A95ABA /* AppDelegate.swift */,
				6FF53642A1E0F831E9AE146D /* HarnessScenes.swift */,
				14E1F14E3A7FCDCDBBF4A571 /* HarnessViewController.swift */,
				B890919FD40AF3BF9F5FE494 /* Transport */,
			);
			path = Sources;
			sourceTree = "<group>";
		};
		6520CF35413D137295069C67 /* Products */ = {
			isa = PBXGroup;
			children = (
				80E273B1BF721134F291EDFA /* VTGiPadHarness.app */,
			);
			name = Products;
			sourceTree = "<group>";
		};
		B890919FD40AF3BF9F5FE494 /* Transport */ = {
			isa = PBXGroup;
			children = (
				729D2B09C89429F455A2077A /* LoopbackTransport.swift */,
				90764FB0CBE1E2D3F37F32C9 /* NetworkTransport.swift */,
				2B4D25B7846BB9AF84E39BAD /* SimulatedShell.swift */,
				88C948FEA92FF475EEB669FB /* TelnetCodec.swift */,
				A9277232BBCB3100078B0AC7 /* TerminalTransport.swift */,
			);
			path = Transport;
			sourceTree = "<group>";
		};
		D86C25A9B9D5CA702B37D3DB = {
			isa = PBXGroup;
			children = (
				47A03F755EF9B16233CAFF86 /* Packages */,
				5E4AC9697CBD916EDDFB74C3 /* Sources */,
				6520CF35413D137295069C67 /* Products */,
			);
			sourceTree = "<group>";
		};
/* End PBXGroup section */

/* Begin PBXNativeTarget section */
		D9634278D0798EF29B23197A /* VTGiPadHarness */ = {
			isa = PBXNativeTarget;
			buildConfigurationList = 52A87507D0B7E3FF96DF0778 /* Build configuration list for PBXNativeTarget "VTGiPadHarness" */;
			buildPhases = (
				A447E8381DEFE80DAB7D2785 /* Sources */,
				702CB524235844401D1B89C0 /* Frameworks */,
			);
			buildRules = (
			);
			dependencies = (
			);
			name = VTGiPadHarness;
			packageProductDependencies = (
				FB9E67BD0C7D5D58B83052AB /* SwiftTerm */,
			);
			productName = VTGiPadHarness;
			productReference = 80E273B1BF721134F291EDFA /* VTGiPadHarness.app */;
			productType = "com.apple.product-type.application";
		};
/* End PBXNativeTarget section */

/* Begin PBXProject section */
		C969770CBE5485A4D3A331E1 /* Project object */ = {
			isa = PBXProject;
			attributes = {
				BuildIndependentTargetsInParallel = YES;
				LastUpgradeCheck = 1430;
				TargetAttributes = {
					D9634278D0798EF29B23197A = {
						ProvisioningStyle = Automatic;
					};
				};
			};
			buildConfigurationList = C4C8E7D9253A6CF52848D72D /* Build configuration list for PBXProject "VTGiPadHarness" */;
			developmentRegion = en;
			hasScannedForEncodings = 0;
			knownRegions = (
				Base,
				en,
			);
			mainGroup = D86C25A9B9D5CA702B37D3DB;
			minimizedProjectReferenceProxies = 1;
			packageReferences = (
				9F00F2AC6EEBE0A50ADE2C03 /* XCLocalSwiftPackageReference "../.." */,
			);
			preferredProjectObjectVersion = 77;
			productRefGroup = 6520CF35413D137295069C67 /* Products */;
			projectDirPath = "";
			projectRoot = "";
			targets = (
				D9634278D0798EF29B23197A /* VTGiPadHarness */,
			);
		};
/* End PBXProject section */

/* Begin PBXSourcesBuildPhase section */
		A447E8381DEFE80DAB7D2785 /* Sources */ = {
			isa = PBXSourcesBuildPhase;
			buildActionMask = 2147483647;
			files = (
				82451DADEAE0118EE7DE7125 /* AppDelegate.swift in Sources */,
				7B1742FB80CB6C1F726E75DC /* HarnessScenes.swift in Sources */,
				8171170927DD9CD61EC4CF71 /* HarnessViewController.swift in Sources */,
				81C13E3074C220ED08817197 /* LoopbackTransport.swift in Sources */,
				BB54E855C9A3DE2C0B0C8FD6 /* NetworkTransport.swift in Sources */,
				45E07BA3598E4887DA5195F1 /* SimulatedShell.swift in Sources */,
				1403619ED9F1AD5ED35A02AA /* TelnetCodec.swift in Sources */,
				23CDAF4DAA12367B7441D329 /* TerminalTransport.swift in Sources */,
			);
			runOnlyForDeploymentPostprocessing = 0;
		};
/* End PBXSourcesBuildPhase section */

/* Begin XCBuildConfiguration section */
		54A8987849E14CA5FC19E4A5 /* Debug */ = {
			isa = XCBuildConfiguration;
			buildSettings = {
				ASSETCATALOG_COMPILER_APPICON_NAME = AppIcon;
				CODE_SIGN_IDENTITY = "iPhone Developer";
				CODE_SIGN_STYLE = Automatic;
				INFOPLIST_FILE = Generated/Info.plist;
				LD_RUNPATH_SEARCH_PATHS = (
					"$(inherited)",
					"@executable_path/Frameworks",
				);
				PRODUCT_BUNDLE_IDENTIFIER = com.vectorterminal.VTGiPadHarness;
				SDKROOT = iphoneos;
				SWIFT_VERSION = 5.9;
				TARGETED_DEVICE_FAMILY = "1,2";
			};
			name = Debug;
		};
		675CFA25CEC71EEB131AA013 /* Debug */ = {
			isa = XCBuildConfiguration;
			buildSettings = {
				ALWAYS_SEARCH_USER_PATHS = NO;
				CLANG_ANALYZER_NONNULL = YES;
				CLANG_ANALYZER_NUMBER_OBJECT_CONVERSION = YES_AGGRESSIVE;
				CLANG_CXX_LANGUAGE_STANDARD = "gnu++14";
				CLANG_CXX_LIBRARY = "libc++";
				CLANG_ENABLE_MODULES = YES;
				CLANG_ENABLE_OBJC_ARC = YES;
				CLANG_ENABLE_OBJC_WEAK = YES;
				CLANG_WARN_BLOCK_CAPTURE_AUTORELEASING = YES;
				CLANG_WARN_BOOL_CONVERSION = YES;
				CLANG_WARN_COMMA = YES;
				CLANG_WARN_CONSTANT_CONVERSION = YES;
				CLANG_WARN_DEPRECATED_OBJC_IMPLEMENTATIONS = YES;
				CLANG_WARN_DIRECT_OBJC_ISA_USAGE = YES_ERROR;
				CLANG_WARN_DOCUMENTATION_COMMENTS = YES;
				CLANG_WARN_EMPTY_BODY = YES;
				CLANG_WARN_ENUM_CONVERSION = YES;
				CLANG_WARN_INFINITE_RECURSION = YES;
				CLANG_WARN_INT_CONVERSION = YES;
				CLANG_WARN_NON_LITERAL_NULL_CONVERSION = YES;
				CLANG_WARN_OBJC_IMPLICIT_RETAIN_SELF = YES;
				CLANG_WARN_OBJC_LITERAL_CONVERSION = YES;
				CLANG_WARN_OBJC_ROOT_CLASS = YES_ERROR;
				CLANG_WARN_QUOTED_INCLUDE_IN_FRAMEWORK_HEADER = YES;
				CLANG_WARN_RANGE_LOOP_ANALYSIS = YES;
				CLANG_WARN_STRICT_PROTOTYPES = YES;
				CLANG_WARN_SUSPICIOUS_MOVE = YES;
				CLANG_WARN_UNGUARDED_AVAILABILITY = YES_AGGRESSIVE;
				CLANG_WARN_UNREACHABLE_CODE = YES;
				CLANG_WARN__DUPLICATE_METHOD_MATCH = YES;
				COPY_PHASE_STRIP = NO;
				DEBUG_INFORMATION_FORMAT = dwarf;
				ENABLE_STRICT_OBJC_MSGSEND = YES;
				ENABLE_TESTABILITY = YES;
				GCC_C_LANGUAGE_STANDARD = gnu11;
				GCC_DYNAMIC_NO_PIC = NO;
				GCC_NO_COMMON_BLOCKS = YES;
				GCC_OPTIMIZATION_LEVEL = 0;
				GCC_PREPROCESSOR_DEFINITIONS = (
					"$(inherited)",
					"DEBUG=1",
				);
				GCC_WARN_64_TO_32_BIT_CONVERSION = YES;
				GCC_WARN_ABOUT_RETURN_TYPE = YES_ERROR;
				GCC_WARN_UNDECLARED_SELECTOR = YES;
				GCC_WARN_UNINITIALIZED_AUTOS = YES_AGGRESSIVE;
				GCC_WARN_UNUSED_FUNCTION = YES;
				GCC_WARN_UNUSED_VARIABLE = YES;
				IPHONEOS_DEPLOYMENT_TARGET = 17.0;
				MTL_ENABLE_DEBUG_INFO = INCLUDE_SOURCE;
				MTL_FAST_MATH = YES;
				ONLY_ACTIVE_ARCH = YES;
				PRODUCT_NAME = "$(TARGET_NAME)";
				SDKROOT = iphoneos;
				SWIFT_ACTIVE_COMPILATION_CONDITIONS = DEBUG;
				SWIFT_OPTIMIZATION_LEVEL = "-Onone";
				SWIFT_VERSION = 5.0;
			};
			name = Debug;
		};
		BC737B7BCC662D3AD03769A2 /* Release */ = {
			isa = XCBuildConfiguration;
			buildSettings = {
				ALWAYS_SEARCH_USER_PATHS = NO;
				CLANG_ANALYZER_NONNULL = YES;
				CLANG_ANALYZER_NUMBER_OBJECT_CONVERSION = YES_AGGRESSIVE;
				CLANG_CXX_LANGUAGE_STANDARD = "gnu++14";
				CLANG_CXX_LIBRARY = "libc++";
				CLANG_ENABLE_MODULES = YES;
				CLANG_ENABLE_OBJC_ARC = YES;
				CLANG_ENABLE_OBJC_WEAK = YES;
				CLANG_WARN_BLOCK_CAPTURE_AUTORELEASING = YES;
				CLANG_WARN_BOOL_CONVERSION = YES;
				CLANG_WARN_COMMA = YES;
				CLANG_WARN_CONSTANT_CONVERSION = YES;
				CLANG_WARN_DEPRECATED_OBJC_IMPLEMENTATIONS = YES;
				CLANG_WARN_DIRECT_OBJC_ISA_USAGE = YES_ERROR;
				CLANG_WARN_DOCUMENTATION_COMMENTS = YES;
				CLANG_WARN_EMPTY_BODY = YES;
				CLANG_WARN_ENUM_CONVERSION = YES;
				CLANG_WARN_INFINITE_RECURSION = YES;
				CLANG_WARN_INT_CONVERSION = YES;
				CLANG_WARN_NON_LITERAL_NULL_CONVERSION = YES;
				CLANG_WARN_OBJC_IMPLICIT_RETAIN_SELF = YES;
				CLANG_WARN_OBJC_LITERAL_CONVERSION = YES;
				CLANG_WARN_OBJC_ROOT_CLASS = YES_ERROR;
				CLANG_WARN_QUOTED_INCLUDE_IN_FRAMEWORK_HEADER = YES;
				CLANG_WARN_RANGE_LOOP_ANALYSIS = YES;
				CLANG_WARN_STRICT_PROTOTYPES = YES;
				CLANG_WARN_SUSPICIOUS_MOVE = YES;
				CLANG_WARN_UNGUARDED_AVAILABILITY = YES_AGGRESSIVE;
				CLANG_WARN_UNREACHABLE_CODE = YES;
				CLANG_WARN__DUPLICATE_METHOD_MATCH = YES;
				COPY_PHASE_STRIP = NO;
				DEBUG_INFORMATION_FORMAT = "dwarf-with-dsym";
				ENABLE_NS_ASSERTIONS = NO;
				ENABLE_STRICT_OBJC_MSGSEND = YES;
				GCC_C_LANGUAGE_STANDARD = gnu11;
				GCC_NO_COMMON_BLOCKS = YES;
				GCC_WARN_64_TO_32_BIT_CONVERSION = YES;
				GCC_WARN_ABOUT_RETURN_TYPE = YES_ERROR;
				GCC_WARN_UNDECLARED_SELECTOR = YES;
				GCC_WARN_UNINITIALIZED_AUTOS = YES_AGGRESSIVE;
				GCC_WARN_UNUSED_FUNCTION = YES;
				GCC_WARN_UNUSED_VARIABLE = YES;
				IPHONEOS_DEPLOYMENT_TARGET = 17.0;
				MTL_ENABLE_DEBUG_INFO = NO;
				MTL_FAST_MATH = YES;
				PRODUCT_NAME = "$(TARGET_NAME)";
				SDKROOT = iphoneos;
				SWIFT_COMPILATION_MODE = wholemodule;
				SWIFT_OPTIMIZATION_LEVEL = "-O";
				SWIFT_VERSION = 5.0;
			};
			name = Release;
		};
		DBD179A54C18B6D8E76781D7 /* Release */ = {
			isa = XCBuildConfiguration;
			buildSettings = {
				ASSETCATALOG_COMPILER_APPICON_NAME = AppIcon;
				CODE_SIGN_IDENTITY = "iPhone Developer";
				CODE_SIGN_STYLE = Automatic;
				INFOPLIST_FILE = Generated/Info.plist;
				LD_RUNPATH_SEARCH_PATHS = (
					"$(inherited)",
					"@executable_path/Frameworks",
				);
				PRODUCT_BUNDLE_IDENTIFIER = com.vectorterminal.VTGiPadHarness;
				SDKROOT = iphoneos;
				SWIFT_VERSION = 5.9;
				TARGETED_DEVICE_FAMILY = "1,2";
			};
			name = Release;
		};
/* End XCBuildConfiguration section */

/* Begin XCConfigurationList section */
		52A87507D0B7E3FF96DF0778 /* Build configuration list for PBXNativeTarget "VTGiPadHarness" */ = {
			isa = XCConfigurationList;
			buildConfigurations = (
				54A8987849E14CA5FC19E4A5 /* Debug */,
				DBD179A54C18B6D8E76781D7 /* Release */,
			);
			defaultConfigurationIsVisible = 0;
			defaultConfigurationName = Debug;
		};
		C4C8E7D9253A6CF52848D72D /* Build configuration list for PBXProject "VTGiPadHarness" */ = {
			isa = XCConfigurationList;
			buildConfigurations = (
				675CFA25CEC71EEB131AA013 /* Debug */,
				BC737B7BCC662D3AD03769A2 /* Release */,
			);
			defaultConfigurationIsVisible = 0;
			defaultConfigurationName = Debug;
		};
/* End XCConfigurationList section */

/* Begin XCLocalSwiftPackageReference section */
		9F00F2AC6EEBE0A50ADE2C03 /* XCLocalSwiftPackageReference "../.." */ = {
			isa = XCLocalSwiftPackageReference;
			relativePath = ../..;
		};
/* End XCLocalSwiftPackageReference section */

/* Begin XCSwiftPackageProductDependency section */
		FB9E67BD0C7D5D58B83052AB /* SwiftTerm */ = {
			isa = XCSwiftPackageProductDependency;
			productName = SwiftTerm;
		};
/* End XCSwiftPackageProductDependency section */
	};
	rootObject = C969770CBE5485A4D3A331E1 /* Project object */;
}
